
Microsoft Visual Studio Solution File, Format Version 12.00
# Visual Studio Version 16
VisualStudioVersion = 16.0.29519.87
MinimumVisualStudioVersion = 10.0.40219.1
Project("{FAE04EC0-301F-11D3-BF4B-00C04F79EFBC}") = "class 5 Kon", "class 5 Kon\class 5 Kon.csproj", "{DB2FE484-DCFF-4ED5-B579-3F36AC105267}"
EndProject
Global
	GlobalSection(SolutionConfigurationPlatforms) = preSolution
		Debug|Any CPU = Debug|Any CPU
		Release|Any CPU = Release|Any CPU
	EndGlobalSection
	GlobalSection(ProjectConfigurationPlatforms) = postSolution
		{DB2FE484-DCFF-4ED5-B579-3F36AC105267}.Debug|Any CPU.ActiveCfg = Debug|Any CPU
		{DB2FE484-DCFF-4ED5-B579-3F36AC105267}.Debug|Any CPU.Build.0 = Debug|Any CPU
		{DB2FE484-DCFF-4ED5-B579-3F36AC105267}.Release|Any CPU.ActiveCfg = Release|Any CPU
		{DB2FE484-DCFF-4ED5-B579-3F36AC105267}.Release|Any CPU.Build.0 = Release|Any CPU
	EndGlobalSection
	GlobalSection(SolutionProperties) = preSolution
		HideSolutionNode = FALSE
	EndGlobalSection
	GlobalSection(ExtensibilityGlobals) = postSolution
		SolutionGuid = {5138E1B8-DC9B-40C6-8988-1E1A061C7199}
	EndGlobalSection
EndGlobal
